PODS:
  - Kingfisher (7.3.2)
  - youtube-ios-player-helper (1.0.4)

DEPENDENCIES:
  - Kingfisher (~> 7.0)
  - youtube-ios-player-helper

SPEC REPOS:
  trunk:
    - Kingfisher
    - youtube-ios-player-helper

SPEC CHECKSUMS:
  Kingfisher: 0086ad83719761ba9b2cdaf6ef4d5b4878cbae23
  youtube-ios-player-helper: e9b97535e816db3152179d84d999bc1807ecd689

PODFILE CHECKSUM: dc9942615f4a26c2d386635bf615f563d9321922

COCOAPODS: 1.11.3
